
Microsoft Visual Studio Solution File, Format Version 12.00
# Visual Studio Version 17
VisualStudioVersion = 17.5.33627.172
MinimumVisualStudioVersion = 10.0.40219.1
Project("{FAE04EC0-301F-11D3-BF4B-00C04F79EFBC}") = "AccountProductTask", "AccountProductTask\AccountProductTask.csproj", "{03F4755B-67DE-4F28-8EB3-6DC8C44772F4}"
EndProject
Project("{FAE04EC0-301F-11D3-BF4B-00C04F79EFBC}") = "Domain", "Domain\Domain.csproj", "{5D9F4366-1F09-4A22-B3F4-B5D8473A9173}"
EndProject
Project("{FAE04EC0-301F-11D3-BF4B-00C04F79EFBC}") = "Service", "Service\Service.csproj", "{AFC2E08B-343E-4730-BE13-B92715F08138}"
EndProject
Global
	GlobalSection(SolutionConfigurationPlatforms) = preSolution
		Debug|Any CPU = Debug|Any CPU
		Release|Any CPU = Release|Any CPU
	EndGlobalSection
	GlobalSection(ProjectConfigurationPlatforms) = postSolution
		{03F4755B-67DE-4F28-8EB3-6DC8C44772F4}.Debug|Any CPU.ActiveCfg = Debug|Any CPU
		{03F4755B-67DE-4F28-8EB3-6DC8C44772F4}.Debug|Any CPU.Build.0 = Debug|Any CPU
		{03F4755B-67DE-4F28-8EB3-6DC8C44772F4}.Release|Any CPU.ActiveCfg = Release|Any CPU
		{03F4755B-67DE-4F28-8EB3-6DC8C44772F4}.Release|Any CPU.Build.0 = Release|Any CPU
		{5D9F4366-1F09-4A22-B3F4-B5D8473A9173}.Debug|Any CPU.ActiveCfg = Debug|Any CPU
		{5D9F4366-1F09-4A22-B3F4-B5D8473A9173}.Debug|Any CPU.Build.0 = Debug|Any CPU
		{5D9F4366-1F09-4A22-B3F4-B5D8473A9173}.Release|Any CPU.ActiveCfg = Release|Any CPU
		{5D9F4366-1F09-4A22-B3F4-B5D8473A9173}.Release|Any CPU.Build.0 = Release|Any CPU
		{AFC2E08B-343E-4730-BE13-B92715F08138}.Debug|Any CPU.ActiveCfg = Debug|Any CPU
		{AFC2E08B-343E-4730-BE13-B92715F08138}.Debug|Any CPU.Build.0 = Debug|Any CPU
		{AFC2E08B-343E-4730-BE13-B92715F08138}.Release|Any CPU.ActiveCfg = Release|Any CPU
		{AFC2E08B-343E-4730-BE13-B92715F08138}.Release|Any CPU.Build.0 = Release|Any CPU
	EndGlobalSection
	GlobalSection(SolutionProperties) = preSolution
		HideSolutionNode = FALSE
	EndGlobalSection
	GlobalSection(ExtensibilityGlobals) = postSolution
		SolutionGuid = {4666C5CA-40DD-4DA6-AEB9-3AB99B80C0A6}
	EndGlobalSection
EndGlobal
